// !$*UTF8*$!
{
	archiveVersion = 1;
	classes = {
	};
	objectVersion = 56;
	objects = {

/* Begin PBXBuildFile section */
		FC35D3BA2A68648200503EB8 /* PasswordChecker.swift in Sources */ = {isa = PBXBuildFile; fileRef = FC35D3B92A68648200503EB8 /* PasswordChecker.swift */; };
		FC35D3BC2A6865A600503EB8 /* Information.swift in Sources */ = {isa = PBXBuildFile; fileRef = FC35D3BB2A6865A600503EB8 /* Information.swift */; };
		FC35D3BE2A68675200503EB8 /* ScamsAndPhishing.swift in Sources */ = {isa = PBXBuildFile; fileRef = FC35D3BD2A68675200503EB8 /* ScamsAndPhishing.swift */; };
		FC35D3C02A68691200503EB8 /* Websites.swift in Sources */ = {isa = PBXBuildFile; fileRef = FC35D3BF2A68691200503EB8 /* Websites.swift */; };
		FC35D3C22A686B2C00503EB8 /* PasswordGenerator.swift in Sources */ = {isa = PBXBuildFile; fileRef = FC35D3C12A686B2C00503EB8 /* PasswordGenerator.swift */; };
		FC7CB0192A61958300544475 /* Final_App_ProjectApp.swift in Sources */ = {isa = PBXBuildFile; fileRef = FC7CB0182A61958300544475 /* Final_App_ProjectApp.swift */; };
		FC7CB01B2A61958300544475 /* ContentView.swift in Sources */ = {isa = PBXBuildFile; fileRef = FC7CB01A2A61958300544475 /* ContentView.swift */; };
		FC7CB01D2A61958400544475 /* Assets.xcassets in Resources */ = {isa = PBXBuildFile; fileRef = FC7CB01C2A61958400544475 /* Assets.xcassets */; };
		FC7CB0202A61958400544475 /* Preview Assets.xcassets in Resources */ = {isa = PBXBuildFile; fileRef = FC7CB01F2A61958400544475 /* Preview Assets.xcassets */; };
		FC8EE10A2A68395100EED0F0 /* Passwords.swift in Sources */ = {isa = PBXBuildFile; fileRef = FC8EE1092A68395100EED0F0 /* Passwords.swift */; };
/* End PBXBuildFile section */

/* Begin PBXFileReference section */
		FC35D3B92A68648200503EB8 /* PasswordChecker.swift */ = {isa = PBXFileReference; lastKnownFileType = sourcecode.swift; path = PasswordChecker.swift; sourceTree = "<group>"; };
		FC35D3BB2A6865A600503EB8 /* Information.swift */ = {isa = PBXFileReference; lastKnownFileType = sourcecode.swift; path = Information.swift; sourceTree = "<group>"; };
		FC35D3BD2A68675200503EB8 /* ScamsAndPhishing.swift */ = {isa = PBXFileReference; lastKnownFileType = sourcecode.swift; path = ScamsAndPhishing.swift; sourceTree = "<group>"; };
		FC35D3BF2A68691200503EB8 /* Websites.swift */ = {isa = PBXFileReference; lastKnownFileType = sourcecode.swift; path = Websites.swift; sourceTree = "<group>"; };
		FC35D3C12A686B2C00503EB8 /* PasswordGenerator.swift */ = {isa = PBXFileReference; lastKnownFileType = sourcecode.swift; path = PasswordGenerator.swift; sourceTree = "<group>"; };
		FC7CB0152A61958300544475 /* Final App Project.app */ = {isa = PBXFileReference; explicitFileType = wrapper.application; includeInIndex = 0; path = "Final App Project.app"; sourceTree = BUILT_PRODUCTS_DIR; };
		FC7CB0182A61958300544475 /* Final_App_ProjectApp.swift */ = {isa = PBXFileReference; lastKnownFileType = sourcecode.swift; path = Final_App_ProjectApp.swift; sourceTree = "<group>"; };
		FC7CB01A2A61958300544475 /* ContentView.swift */ = {isa = PBXFileReference; lastKnownFileType = sourcecode.swift; path = ContentView.swift; sourceTree = "<group>"; };
		FC7CB01C2A61958400544475 /* Assets.xcassets */ = {isa = PBXFileReference; lastKnownFileType = folder.assetcatalog; path = Assets.xcassets; sourceTree = "<group>"; };
		FC7CB01F2A61958400544475 /* Preview Assets.xcassets */ = {isa = PBXFileReference; lastKnownFileType = folder.assetcatalog; path = "Preview Assets.xcassets"; sourceTree = "<group>"; };
		FC8EE1092A68395100EED0F0 /* Passwords.swift */ = {isa = PBXFileReference; lastKnownFileType = sourcecode.swift; path = Passwords.swift; sourceTree = "<group>"; };
/* End PBXFileReference section */

/* Begin PBXFrameworksBuildPhase section */
		FC7CB0122A61958300544475 /* Frameworks */ = {
			isa = PBXFrameworksBuildPhase;
			buildActionMask = 2147483647;
			files = (
			);
			runOnlyForDeploymentPostprocessing = 0;
		};
/* End PBXFrameworksBuildPhase section */

/* Begin PBXGroup section */
		FC7CB00C2A61958300544475 = {
			isa = PBXGroup;
			children = (
				FC7CB0172A61958300544475 /* Final App Project */,
				FC7CB0162A61958300544475 /* Products */,
			);
			sourceTree = "<group>";
		};
		FC7CB0162A61958300544475 /* Products */ = {
			isa = PBXGroup;
			children = (
				FC7CB0152A61958300544475 /* Final App Project.app */,
			);
			name = Products;
			sourceTree = "<group>";
		};
		FC7CB0172A61958300544475 /* Final App Project */ = {
			isa = PBXGroup;
			children = (
				FC7CB0182A61958300544475 /* Final_App_ProjectApp.swift */,
				FC7CB01A2A61958300544475 /* ContentView.swift */,
				FC35D3BD2A68675200503EB8 /* ScamsAndPhishing.swift */,
				FC8EE1092A68395100EED0F0 /* Passwords.swift */,
				FC35D3BF2A68691200503EB8 /* Websites.swift */,
				FC35D3BB2A6865A600503EB8 /* Information.swift */,
				FC35D3B92A68648200503EB8 /* PasswordChecker.swift */,
				FC35D3C12A686B2C00503EB8 /* PasswordGenerator.swift */,
				FC7CB01C2A61958400544475 /* Assets.xcassets */,
				FC7CB01E2A61958400544475 /* Preview Content */,
			);
			path = "Final App Project";
			sourceTree = "<group>";
		};
		FC7CB01E2A61958400544475 /* Preview Content */ = {
			isa = PBXGroup;
			children = (
				FC7CB01F2A61958400544475 /* Preview Assets.xcassets */,
			);
			path = "Preview Content";
			sourceTree = "<group>";
		};
/* End PBXGroup section */

/* Begin PBXNativeTarget section */
		FC7CB0142A61958300544475 /* Final App Project */ = {
			isa = PBXNativeTarget;
			buildConfigurationList = FC7CB0232A61958400544475 /* Build configuration list for PBXNativeTarget "Final App Project" */;
			buildPhases = (
				FC7CB0112A61958300544475 /* Sources */,
				FC7CB0122A61958300544475 /* Frameworks */,
				FC7CB0132A61958300544475 /* Resources */,
			);
			buildRules = (
			);
			dependencies = (
			);
			name = "Final App Project";
			productName = "Final App Project";
			productReference = FC7CB0152A61958300544475 /* Final App Project.app */;
			productType = "com.apple.product-type.application";
		};
/* End PBXNativeTarget section */

/* Begin PBXProject section */
		FC7CB00D2A61958300544475 /* Project object */ = {
			isa = PBXProject;
			attributes = {
				BuildIndependentTargetsInParallel = 1;
				LastSwiftUpdateCheck = 1420;
				LastUpgradeCheck = 1420;
				TargetAttributes = {
					FC7CB0142A61958300544475 = {
						CreatedOnToolsVersion = 14.2;
					};
				};
			};
			buildConfigurationList = FC7CB0102A61958300544475 /* Build configuration list for PBXProject "Final App Project" */;
			compatibilityVersion = "Xcode 14.0";
			developmentRegion = en;
			hasScannedForEncodings = 0;
			knownRegions = (
				en,
				Base,
			);
			mainGroup = FC7CB00C2A61958300544475;
			productRefGroup = FC7CB0162A61958300544475 /* Products */;
			projectDirPath = "";
			projectRoot = "";
			targets = (
				FC7CB0142A61958300544475 /* Final App Project */,
			);
		};
/* End PBXProject section */

/* Begin PBXResourcesBuildPhase section */
		FC7CB0132A61958300544475 /* Resources */ = {
			isa = PBXResourcesBuildPhase;
			buildActionMask = 2147483647;
			files = (
				FC7CB0202A61958400544475 /* Preview Assets.xcassets in Resources */,
				FC7CB01D2A61958400544475 /* Assets.xcassets in Resources */,
			);
			runOnlyForDeploymentPostprocessing = 0;
		};
/* End PBXResourcesBuildPhase section */

/* Begin PBXSourcesBuildPhase section */
		FC7CB0112A61958300544475 /* Sources */ = {
			isa = PBXSourcesBuildPhase;
			buildActionMask = 2147483647;
			files = (
				FC35D3C02A68691200503EB8 /* Websites.swift in Sources */,
				FC35D3BA2A68648200503EB8 /* PasswordChecker.swift in Sources */,
				FC8EE10A2A68395100EED0F0 /* Passwords.swift in Sources */,
				FC7CB01B2A61958300544475 /* ContentView.swift in Sources */,
				FC35D3C22A686B2C00503EB8 /* PasswordGenerator.swift in Sources */,
				FC35D3BE2A68675200503EB8 /* ScamsAndPhishing.swift in Sources */,
				FC35D3BC2A6865A600503EB8 /* Information.swift in Sources */,
				FC7CB0192A61958300544475 /* Final_App_ProjectApp.swift in Sources */,
			);
			runOnlyForDeploymentPostprocessing = 0;
		};
/* End PBXSourcesBuildPhase section */

/* Begin XCBuildConfiguration section */
		FC7CB0212A61958400544475 /* Debug */ = {
			isa = XCBuildConfiguration;
			buildSettings = {
				ALWAYS_SEARCH_USER_PATHS = NO;
				CLANG_ANALYZER_NONNULL = YES;
				CLANG_ANALYZER_NUMBER_OBJECT_CONVERSION = YES_AGGRESSIVE;
				CLANG_CXX_LANGUAGE_STANDARD = "gnu++20";
				CLANG_ENABLE_MODULES = YES;
				CLANG_ENABLE_OBJC_ARC = YES;
				CLANG_ENABLE_OBJC_WEAK = YES;
				CLANG_WARN_BLOCK_CAPTURE_AUTORELEASING = YES;
				CLANG_WARN_BOOL_CONVERSION = YES;
				CLANG_WARN_COMMA = YES;
				CLANG_WARN_CONSTANT_CONVERSION = YES;
				CLANG_WARN_DEPRECATED_OBJC_IMPLEMENTATIONS = YES;
				CLANG_WARN_DIRECT_OBJC_ISA_USAGE = YES_ERROR;
				CLANG_WARN_DOCUMENTATION_COMMENTS = YES;
				CLANG_WARN_EMPTY_BODY = YES;
				CLANG_WARN_ENUM_CONVERSION = YES;
				CLANG_WARN_INFINITE_RECURSION = YES;
				CLANG_WARN_INT_CONVERSION = YES;
				CLANG_WARN_NON_LITERAL_NULL_CONVERSION = YES;
				CLANG_WARN_OBJC_IMPLICIT_RETAIN_SELF = YES;
				CLANG_WARN_OBJC_LITERAL_CONVERSION = YES;
				CLANG_WARN_OBJC_ROOT_CLASS = YES_ERROR;
				CLANG_WARN_QUOTED_INCLUDE_IN_FRAMEWORK_HEADER = YES;
				CLANG_WARN_RANGE_LOOP_ANALYSIS = YES;
				CLANG_WARN_STRICT_PROTOTYPES = YES;
				CLANG_WARN_SUSPICIOUS_MOVE = YES;
				CLANG_WARN_UNGUARDED_AVAILABILITY = YES_AGGRESSIVE;
				CLANG_WARN_UNREACHABLE_CODE = YES;
				CLANG_WARN__DUPLICATE_METHOD_MATCH = YES;
				COPY_PHASE_STRIP = NO;
				DEBUG_INFORMATION_FORMAT = dwarf;
				ENABLE_STRICT_OBJC_MSGSEND = YES;
				ENABLE_TESTABILITY = YES;
				GCC_C_LANGUAGE_STANDARD = gnu11;
				GCC_DYNAMIC_NO_PIC = NO;
				GCC_NO_COMMON_BLOCKS = YES;
				GCC_OPTIMIZATION_LEVEL = 0;
				GCC_PREPROCESSOR_DEFINITIONS = (
					"DEBUG=1",
					"$(inherited)",
				);
				GCC_WARN_64_TO_32_BIT_CONVERSION = YES;
				GCC_WARN_ABOUT_RETURN_TYPE = YES_ERROR;
				GCC_WARN_UNDECLARED_SELECTOR = YES;
				GCC_WARN_UNINITIALIZED_AUTOS = YES_AGGRESSIVE;
				GCC_WARN_UNUSED_FUNCTION = YES;
				GCC_WARN_UNUSED_VARIABLE = YES;
				IPHONEOS_DEPLOYMENT_TARGET = 16.2;
				MTL_ENABLE_DEBUG_INFO = INCLUDE_SOURCE;
				MTL_FAST_MATH = YES;
				ONLY_ACTIVE_ARCH = YES;
				SDKROOT = iphoneos;
				SWIFT_ACTIVE_COMPILATION_CONDITIONS = DEBUG;
				SWIFT_OPTIMIZATION_LEVEL = "-Onone";
			};
			name = Debug;
		};
		FC7CB0222A61958400544475 /* Release */ = {
			isa = XCBuildConfiguration;
			buildSettings = {
				ALWAYS_SEARCH_USER_PATHS = NO;
				CLANG_ANALYZER_NONNULL = YES;
				CLANG_ANALYZER_NUMBER_OBJECT_CONVERSION = YES_AGGRESSIVE;
				CLANG_CXX_LANGUAGE_STANDARD = "gnu++20";
				CLANG_ENABLE_MODULES = YES;
				CLANG_ENABLE_OBJC_ARC = YES;
				CLANG_ENABLE_OBJC_WEAK = YES;
				CLANG_WARN_BLOCK_CAPTURE_AUTORELEASING = YES;
				CLANG_WARN_BOOL_CONVERSION = YES;
				CLANG_WARN_COMMA = YES;
				CLANG_WARN_CONSTANT_CONVERSION = YES;
				CLANG_WARN_DEPRECATED_OBJC_IMPLEMENTATIONS = YES;
				CLANG_WARN_DIRECT_OBJC_ISA_USAGE = YES_ERROR;
				CLANG_WARN_DOCUMENTATION_COMMENTS = YES;
				CLANG_WARN_EMPTY_BODY = YES;
				CLANG_WARN_ENUM_CONVERSION = YES;
				CLANG_WARN_INFINITE_RECURSION = YES;
				CLANG_WARN_INT_CONVERSION = YES;
				CLANG_WARN_NON_LITERAL_NULL_CONVERSION = YES;
				CLANG_WARN_OBJC_IMPLICIT_RETAIN_SELF = YES;
				CLANG_WARN_OBJC_LITERAL_CONVERSION = YES;
				CLANG_WARN_OBJC_ROOT_CLASS = YES_ERROR;
				CLANG_WARN_QUOTED_INCLUDE_IN_FRAMEWORK_HEADER = YES;
				CLANG_WARN_RANGE_LOOP_ANALYSIS = YES;
				CLANG_WARN_STRICT_PROTOTYPES = YES;
				CLANG_WARN_SUSPICIOUS_MOVE = YES;
				CLANG_WARN_UNGUARDED_AVAILABILITY = YES_AGGRESSIVE;
				CLANG_WARN_UNREACHABLE_CODE = YES;
				CLANG_WARN__DUPLICATE_METHOD_MATCH = YES;
				COPY_PHASE_STRIP = NO;
				DEBUG_INFORMATION_FORMAT = "dwarf-with-dsym";
				ENABLE_NS_ASSERTIONS = NO;
				ENABLE_STRICT_OBJC_MSGSEND = YES;
				GCC_C_LANGUAGE_STANDARD = gnu11;
				GCC_NO_COMMON_BLOCKS = YES;
				GCC_WARN_64_TO_32_BIT_CONVERSION = YES;
				GCC_WARN_ABOUT_RETURN_TYPE = YES_ERROR;
				GCC_WARN_UNDECLARED_SELECTOR = YES;
				GCC_WARN_UNINITIALIZED_AUTOS = YES_AGGRESSIVE;
				GCC_WARN_UNUSED_FUNCTION = YES;
				GCC_WARN_UNUSED_VARIABLE = YES;
				IPHONEOS_DEPLOYMENT_TARGET = 16.2;
				MTL_ENABLE_DEBUG_INFO = NO;
				MTL_FAST_MATH = YES;
				SDKROOT = iphoneos;
				SWIFT_COMPILATION_MODE = wholemodule;
				SWIFT_OPTIMIZATION_LEVEL = "-O";
				VALIDATE_PRODUCT = YES;
			};
			name = Release;
		};
		FC7CB0242A61958400544475 /* Debug */ = {
			isa = XCBuildConfiguration;
			buildSettings = {
				ASSETCATALOG_COMPILER_APPICON_NAME = AppIcon;
				ASSETCATALOG_COMPILER_GLOBAL_ACCENT_COLOR_NAME = AccentColor;
				CODE_SIGN_STYLE = Automatic;
				CURRENT_PROJECT_VERSION = 1;
				DEVELOPMENT_ASSET_PATHS = "\"Final App Project/Preview Content\"";
				ENABLE_PREVIEWS = YES;
				GENERATE_INFOPLIST_FILE = YES;
				INFOPLIST_KEY_UIApplicationSceneManifest_Generation = YES;
				INFOPLIST_KEY_UIApplicationSupportsIndirectInputEvents = YES;
				INFOPLIST_KEY_UILaunchScreen_Generation = YES;
				INFOPLIST_KEY_UISupportedInterfaceOrientations_iPad = "UIInterfaceOrientationPortrait UIInterfaceOrientationPortraitUpsideDown UIInterfaceOrientationLandscapeLeft UIInterfaceOrientationLandscapeRight";
				INFOPLIST_KEY_UISupportedInterfaceOrientations_iPhone = "UIInterfaceOrientationPortrait UIInterfaceOrientationLandscapeLeft UIInterfaceOrientationLandscapeRight";
				LD_RUNPATH_SEARCH_PATHS = (
					"$(inherited)",
					"@executable_path/Frameworks",
				);
				MARKETING_VERSION = 1.0;
				PRODUCT_BUNDLE_IDENTIFIER = "kwk.Final-App-Project";
				PRODUCT_NAME = "$(TARGET_NAME)";
				SWIFT_EMIT_LOC_STRINGS = YES;
				SWIFT_VERSION = 5.0;
				TARGETED_DEVICE_FAMILY = "1,2";
			};
			name = Debug;
		};
		FC7CB0252A61958400544475 /* Release */ = {
			isa = XCBuildConfiguration;
			buildSettings = {
				ASSETCATALOG_COMPILER_APPICON_NAME = AppIcon;
				ASSETCATALOG_COMPILER_GLOBAL_ACCENT_COLOR_NAME = AccentColor;
				CODE_SIGN_STYLE = Automatic;
				CURRENT_PROJECT_VERSION = 1;
				DEVELOPMENT_ASSET_PATHS = "\"Final App Project/Preview Content\"";
				ENABLE_PREVIEWS = YES;
				GENERATE_INFOPLIST_FILE = YES;
				INFOPLIST_KEY_UIApplicationSceneManifest_Generation = YES;
				INFOPLIST_KEY_UIApplicationSupportsIndirectInputEvents = YES;
				INFOPLIST_KEY_UILaunchScreen_Generation = YES;
				INFOPLIST_KEY_UISupportedInterfaceOrientations_iPad = "UIInterfaceOrientationPortrait UIInterfaceOrientationPortraitUpsideDown UIInterfaceOrientationLandscapeLeft UIInterfaceOrientationLandscapeRight";
				INFOPLIST_KEY_UISupportedInterfaceOrientations_iPhone = "UIInterfaceOrientationPortrait UIInterfaceOrientationLandscapeLeft UIInterfaceOrientationLandscapeRight";
				LD_RUNPATH_SEARCH_PATHS = (
					"$(inherited)",
					"@executable_path/Frameworks",
				);
				MARKETING_VERSION = 1.0;
				PRODUCT_BUNDLE_IDENTIFIER = "kwk.Final-App-Project";
				PRODUCT_NAME = "$(TARGET_NAME)";
				SWIFT_EMIT_LOC_STRINGS = YES;
				SWIFT_VERSION = 5.0;
				TARGETED_DEVICE_FAMILY = "1,2";
			};
			name = Release;
		};
/* End XCBuildConfiguration section */

/* Begin XCConfigurationList section */
		FC7CB0102A61958300544475 /* Build configuration list for PBXProject "Final App Project" */ = {
			isa = XCConfigurationList;
			buildConfigurations = (
				FC7CB0212A61958400544475 /* Debug */,
				FC7CB0222A61958400544475 /* Release */,
			);
			defaultConfigurationIsVisible = 0;
			defaultConfigurationName = Release;
		};
		FC7CB0232A61958400544475 /* Build configuration list for PBXNativeTarget "Final App Project" */ = {
			isa = XCConfigurationList;
			buildConfigurations = (
				FC7CB0242A61958400544475 /* Debug */,
				FC7CB0252A61958400544475 /* Release */,
			);
			defaultConfigurationIsVisible = 0;
			defaultConfigurationName = Release;
		};
/* End XCConfigurationList section */
	};
	rootObject = FC7CB00D2A61958300544475 /* Project object */;
}
